// !$*UTF8*$!
{
	archiveVersion = 1;
	classes = {
	};
	objectVersion = 46;
	objects = {

/* Begin PBXBuildFile section */
		48D05DF61E2AD07600666B08 /* AppDelegate.swift in Sources */ = {isa = PBXBuildFile; fileRef = 48D05DF51E2AD07600666B08 /* AppDelegate.swift */; };
		48D05DF81E2AD07600666B08 /* ViewController.swift in Sources */ = {isa = PBXBuildFile; fileRef = 48D05DF71E2AD07600666B08 /* ViewController.swift */; };
		48D05DFB1E2AD07600666B08 /* Main.storyboard in Resources */ = {isa = PBXBuildFile; fileRef = 48D05DF91E2AD07600666B08 /* Main.storyboard */; };
		48D05DFD1E2AD07600666B08 /* Assets.xcassets in Resources */ = {isa = PBXBuildFile; fileRef = 48D05DFC1E2AD07600666B08 /* Assets.xcassets */; };
		48D05E001E2AD07600666B08 /* LaunchScreen.storyboard in Resources */ = {isa = PBXBuildFile; fileRef = 48D05DFE1E2AD07600666B08 /* LaunchScreen.storyboard */; };
		48D05E091E2AD09300666B08 /* Realm.framework in Frameworks */ = {isa = PBXBuildFile; fileRef = 48D05E071E2AD09300666B08 /* Realm.framework */; };
		48D05E0C1E2AD0AC00666B08 /* Dog.swift in Sources */ = {isa = PBXBuildFile; fileRef = 48D05E0B1E2AD0AC00666B08 /* Dog.swift */; };
		48D05E0E1E2AD17800666B08 /* Realm.framework in Embed Frameworks */ = {isa = PBXBuildFile; fileRef = 48D05E071E2AD09300666B08 /* Realm.framework */; settings = {ATTRIBUTES = (CodeSignOnCopy, RemoveHeadersOnCopy, ); }; };
		48D05E0F1E2AD17800666B08 /* RealmSwift.framework in Frameworks */ = {isa = PBXBuildFile; fileRef = 48D05E081E2AD09300666B08 /* RealmSwift.framework */; };
		48D05E101E2AD17800666B08 /* RealmSwift.framework in Embed Frameworks */ = {isa = PBXBuildFile; fileRef = 48D05E081E2AD09300666B08 /* RealmSwift.framework */; settings = {ATTRIBUTES = (CodeSignOnCopy, RemoveHeadersOnCopy, ); }; };
		48D05E151E2B094700666B08 /* AddDogViewController.swift in Sources */ = {isa = PBXBuildFile; fileRef = 48D05E141E2B094700666B08 /* AddDogViewController.swift */; };
/* End PBXBuildFile section */

/* Begin PBXCopyFilesBuildPhase section */
		48D05E111E2AD17800666B08 /* Embed Frameworks */ = {
			isa = PBXCopyFilesBuildPhase;
			buildActionMask = 2147483647;
			dstPath = "";
			dstSubfolderSpec = 10;
			files = (
				48D05E101E2AD17800666B08 /* RealmSwift.framework in Embed Frameworks */,
				48D05E0E1E2AD17800666B08 /* Realm.framework in Embed Frameworks */,
			);
			name = "Embed Frameworks";
			runOnlyForDeploymentPostprocessing = 0;
		};
/* End PBXCopyFilesBuildPhase section */

/* Begin PBXFileReference section */
		48D05DF21E2AD07600666B08 /* DogData.app */ = {isa = PBXFileReference; explicitFileType = wrapper.application; includeInIndex = 0; path = DogData.app; sourceTree = BUILT_PRODUCTS_DIR; };
		48D05DF51E2AD07600666B08 /* AppDelegate.swift */ = {isa = PBXFileReference; lastKnownFileType = sourcecode.swift; path = AppDelegate.swift; sourceTree = "<group>"; };
		48D05DF71E2AD07600666B08 /* ViewController.swift */ = {isa = PBXFileReference; lastKnownFileType = sourcecode.swift; path = ViewController.swift; sourceTree = "<group>"; };
		48D05DFA1E2AD07600666B08 /* Base */ = {isa = PBXFileReference; lastKnownFileType = file.storyboard; name = Base; path = Base.lproj/Main.storyboard; sourceTree = "<group>"; };
		48D05DFC1E2AD07600666B08 /* Assets.xcassets */ = {isa = PBXFileReference; lastKnownFileType = folder.assetcatalog; path = Assets.xcassets; sourceTree = "<group>"; };
		48D05DFF1E2AD07600666B08 /* Base */ = {isa = PBXFileReference; lastKnownFileType = file.storyboard; name = Base; path = Base.lproj/LaunchScreen.storyboard; sourceTree = "<group>"; };
		48D05E011E2AD07600666B08 /* Info.plist */ = {isa = PBXFileReference; lastKnownFileType = text.plist.xml; path = Info.plist; sourceTree = "<group>"; };
		48D05E071E2AD09300666B08 /* Realm.framework */ = {isa = PBXFileReference; lastKnownFileType = wrapper.framework; path = Realm.framework; sourceTree = "<group>"; };
		48D05E081E2AD09300666B08 /* RealmSwift.framework */ = {isa = PBXFileReference; lastKnownFileType = wrapper.framework; path = RealmSwift.framework; sourceTree = "<group>"; };
		48D05E0B1E2AD0AC00666B08 /* Dog.swift */ = {isa = PBXFileReference; fileEncoding = 4; lastKnownFileType = sourcecode.swift; path = Dog.swift; sourceTree = "<group>"; };
		48D05E141E2B094700666B08 /* AddDogViewController.swift */ = {isa = PBXFileReference; fileEncoding = 4; lastKnownFileType = sourcecode.swift; path = AddDogViewController.swift; sourceTree = "<group>"; };
/* End PBXFileReference section */

/* Begin PBXFrameworksBuildPhase section */
		48D05DEF1E2AD07600666B08 /* Frameworks */ = {
			isa = PBXFrameworksBuildPhase;
			buildActionMask = 2147483647;
			files = (
				48D05E0F1E2AD17800666B08 /* RealmSwift.framework in Frameworks */,
				48D05E091E2AD09300666B08 /* Realm.framework in Frameworks */,
			);
			runOnlyForDeploymentPostprocessing = 0;
		};
/* End PBXFrameworksBuildPhase section */

/* Begin PBXGroup section */
		48D05DE91E2AD07600666B08 = {
			isa = PBXGroup;
			children = (
				48D05E071E2AD09300666B08 /* Realm.framework */,
				48D05E081E2AD09300666B08 /* RealmSwift.framework */,
				48D05DF41E2AD07600666B08 /* DogData */,
				48D05DF31E2AD07600666B08 /* Products */,
			);
			sourceTree = "<group>";
		};
		48D05DF31E2AD07600666B08 /* Products */ = {
			isa = PBXGroup;
			children = (
				48D05DF21E2AD07600666B08 /* DogData.app */,
			);
			name = Products;
			sourceTree = "<group>";
		};
		48D05DF41E2AD07600666B08 /* DogData */ = {
			isa = PBXGroup;
			children = (
				48D05DF51E2AD07600666B08 /* AppDelegate.swift */,
				48D05DF71E2AD07600666B08 /* ViewController.swift */,
				48D05E141E2B094700666B08 /* AddDogViewController.swift */,
				48D05DF91E2AD07600666B08 /* Main.storyboard */,
				48D05DFC1E2AD07600666B08 /* Assets.xcassets */,
				48D05DFE1E2AD07600666B08 /* LaunchScreen.storyboard */,
				48D05E011E2AD07600666B08 /* Info.plist */,
				48D05E0B1E2AD0AC00666B08 /* Dog.swift */,
			);
			path = DogData;
			sourceTree = "<group>";
		};
/* End PBXGroup section */

/* Begin PBXNativeTarget section */
		48D05DF11E2AD07600666B08 /* DogData */ = {
			isa = PBXNativeTarget;
			buildConfigurationList = 48D05E041E2AD07600666B08 /* Build configuration list for PBXNativeTarget "DogData" */;
			buildPhases = (
				48D05DEE1E2AD07600666B08 /* Sources */,
				48D05DEF1E2AD07600666B08 /* Frameworks */,
				48D05DF01E2AD07600666B08 /* Resources */,
				48D05E111E2AD17800666B08 /* Embed Frameworks */,
			);
			buildRules = (
			);
			dependencies = (
			);
			name = DogData;
			productName = DogData;
			productReference = 48D05DF21E2AD07600666B08 /* DogData.app */;
			productType = "com.apple.product-type.application";
		};
/* End PBXNativeTarget section */

/* Begin PBXProject section */
		48D05DEA1E2AD07600666B08 /* Project object */ = {
			isa = PBXProject;
			attributes = {
				LastSwiftUpdateCheck = 0820;
				LastUpgradeCheck = 0820;
				ORGANIZATIONNAME = "Jeff Li";
				TargetAttributes = {
					48D05DF11E2AD07600666B08 = {
						CreatedOnToolsVersion = 8.2.1;
						ProvisioningStyle = Automatic;
					};
				};
			};
			buildConfigurationList = 48D05DED1E2AD07600666B08 /* Build configuration list for PBXProject "DogData" */;
			compatibilityVersion = "Xcode 3.2";
			developmentRegion = English;
			hasScannedForEncodings = 0;
			knownRegions = (
				en,
				Base,
			);
			mainGroup = 48D05DE91E2AD07600666B08;
			productRefGroup = 48D05DF31E2AD07600666B08 /* Products */;
			projectDirPath = "";
			projectRoot = "";
			targets = (
				48D05DF11E2AD07600666B08 /* DogData */,
			);
		};
/* End PBXProject section */

/* Begin PBXResourcesBuildPhase section */
		48D05DF01E2AD07600666B08 /* Resources */ = {
			isa = PBXResourcesBuildPhase;
			buildActionMask = 2147483647;
			files = (
				48D05E001E2AD07600666B08 /* LaunchScreen.storyboard in Resources */,
				48D05DFD1E2AD07600666B08 /* Assets.xcassets in Resources */,
				48D05DFB1E2AD07600666B08 /* Main.storyboard in Resources */,
			);
			runOnlyForDeploymentPostprocessing = 0;
		};
/* End PBXResourcesBuildPhase section */

/* Begin PBXSourcesBuildPhase section */
		48D05DEE1E2AD07600666B08 /* Sources */ = {
			isa = PBXSourcesBuildPhase;
			buildActionMask = 2147483647;
			files = (
				48D05DF81E2AD07600666B08 /* ViewController.swift in Sources */,
				48D05DF61E2AD07600666B08 /* AppDelegate.swift in Sources */,
				48D05E0C1E2AD0AC00666B08 /* Dog.swift in Sources */,
				48D05E151E2B094700666B08 /* AddDogViewController.swift in Sources */,
			);
			runOnlyForDeploymentPostprocessing = 0;
		};
/* End PBXSourcesBuildPhase section */

/* Begin PBXVariantGroup section */
		48D05DF91E2AD07600666B08 /* Main.storyboard */ = {
			isa = PBXVariantGroup;
			children = (
				48D05DFA1E2AD07600666B08 /* Base */,
			);
			name = Main.storyboard;
			sourceTree = "<group>";
		};
		48D05DFE1E2AD07600666B08 /* LaunchScreen.storyboard */ = {
			isa = PBXVariantGroup;
			children = (
				48D05DFF1E2AD07600666B08 /* Base */,
			);
			name = LaunchScreen.storyboard;
			sourceTree = "<group>";
		};
/* End PBXVariantGroup section */

/* Begin XCBuildConfiguration section */
		48D05E021E2AD07600666B08 /* Debug */ = {
			isa = XCBuildConfiguration;
			buildSettings = {
				ALWAYS_SEARCH_USER_PATHS = NO;
				CLANG_ANALYZER_NONNULL = YES;
				CLANG_CXX_LANGUAGE_STANDARD = "gnu++0x";
				CLANG_CXX_LIBRARY = "libc++";
				CLANG_ENABLE_MODULES = YES;
				CLANG_ENABLE_OBJC_ARC = YES;
				CLANG_WARN_BOOL_CONVERSION = YES;
				CLANG_WARN_CONSTANT_CONVERSION = YES;
				CLANG_WARN_DIRECT_OBJC_ISA_USAGE = YES_ERROR;
				CLANG_WARN_DOCUMENTATION_COMMENTS = YES;
				CLANG_WARN_EMPTY_BODY = YES;
				CLANG_WARN_ENUM_CONVERSION = YES;
				CLANG_WARN_INFINITE_RECURSION = YES;
				CLANG_WARN_INT_CONVERSION = YES;
				CLANG_WARN_OBJC_ROOT_CLASS = YES_ERROR;
				CLANG_WARN_SUSPICIOUS_MOVE = YES;
				CLANG_WARN_UNREACHABLE_CODE = YES;
				CLANG_WARN__DUPLICATE_METHOD_MATCH = YES;
				"CODE_SIGN_IDENTITY[sdk=iphoneos*]" = "iPhone Developer";
				COPY_PHASE_STRIP = NO;
				DEBUG_INFORMATION_FORMAT = dwarf;
				ENABLE_STRICT_OBJC_MSGSEND = YES;
				ENABLE_TESTABILITY = YES;
				GCC_C_LANGUAGE_STANDARD = gnu99;
				GCC_DYNAMIC_NO_PIC = NO;
				GCC_NO_COMMON_BLOCKS = YES;
				GCC_OPTIMIZATION_LEVEL = 0;
				GCC_PREPROCESSOR_DEFINITIONS = (
					"DEBUG=1",
					"$(inherited)",
				);
				GCC_WARN_64_TO_32_BIT_CONVERSION = YES;
				GCC_WARN_ABOUT_RETURN_TYPE = YES_ERROR;
				GCC_WARN_UNDECLARED_SELECTOR = YES;
				GCC_WARN_UNINITIALIZED_AUTOS = YES_AGGRESSIVE;
				GCC_WARN_UNUSED_FUNCTION = YES;
				GCC_WARN_UNUSED_VARIABLE = YES;
				IPHONEOS_DEPLOYMENT_TARGET = 10.2;
				MTL_ENABLE_DEBUG_INFO = YES;
				ONLY_ACTIVE_ARCH = YES;
				SDKROOT = iphoneos;
				SWIFT_ACTIVE_COMPILATION_CONDITIONS = DEBUG;
				SWIFT_OPTIMIZATION_LEVEL = "-Onone";
			};
			name = Debug;
		};
		48D05E031E2AD07600666B08 /* Release */ = {
			isa = XCBuildConfiguration;
			buildSettings = {
				ALWAYS_SEARCH_USER_PATHS = NO;
				CLANG_ANALYZER_NONNULL = YES;
				CLANG_CXX_LANGUAGE_STANDARD = "gnu++0x";
				CLANG_CXX_LIBRARY = "libc++";
				CLANG_ENABLE_MODULES = YES;
				CLANG_ENABLE_OBJC_ARC = YES;
				CLANG_WARN_BOOL_CONVERSION = YES;
				CLANG_WARN_CONSTANT_CONVERSION = YES;
				CLANG_WARN_DIRECT_OBJC_ISA_USAGE = YES_ERROR;
				CLANG_WARN_DOCUMENTATION_COMMENTS = YES;
				CLANG_WARN_EMPTY_BODY = YES;
				CLANG_WARN_ENUM_CONVERSION = YES;
				CLANG_WARN_INFINITE_RECURSION = YES;
				CLANG_WARN_INT_CONVERSION = YES;
				CLANG_WARN_OBJC_ROOT_CLASS = YES_ERROR;
				CLANG_WARN_SUSPICIOUS_MOVE = YES;
				CLANG_WARN_UNREACHABLE_CODE = YES;
				CLANG_WARN__DUPLICATE_METHOD_MATCH = YES;
				"CODE_SIGN_IDENTITY[sdk=iphoneos*]" = "iPhone Developer";
				COPY_PHASE_STRIP = NO;
				DEBUG_INFORMATION_FORMAT = "dwarf-with-dsym";
				ENABLE_NS_ASSERTIONS = NO;
				ENABLE_STRICT_OBJC_MSGSEND = YES;
				GCC_C_LANGUAGE_STANDARD = gnu99;
				GCC_NO_COMMON_BLOCKS = YES;
				GCC_WARN_64_TO_32_BIT_CONVERSION = YES;
				GCC_WARN_ABOUT_RETURN_TYPE = YES_ERROR;
				GCC_WARN_UNDECLARED_SELECTOR = YES;
				GCC_WARN_UNINITIALIZED_AUTOS = YES_AGGRESSIVE;
				GCC_WARN_UNUSED_FUNCTION = YES;
				GCC_WARN_UNUSED_VARIABLE = YES;
				IPHONEOS_DEPLOYMENT_TARGET = 10.2;
				MTL_ENABLE_DEBUG_INFO = NO;
				SDKROOT = iphoneos;
				SWIFT_OPTIMIZATION_LEVEL = "-Owholemodule";
				VALIDATE_PRODUCT = YES;
			};
			name = Release;
		};
		48D05E051E2AD07600666B08 /* Debug */ = {
			isa = XCBuildConfiguration;
			buildSettings = {
				ASSETCATALOG_COMPILER_APPICON_NAME = AppIcon;
				FRAMEWORK_SEARCH_PATHS = (
					"$(inherited)",
					"$(PROJECT_DIR)",
				);
				INFOPLIST_FILE = DogData/Info.plist;
				LD_RUNPATH_SEARCH_PATHS = "$(inherited) @executable_path/Frameworks";
				PRODUCT_BUNDLE_IDENTIFIER = projects.jeff.DogData;
				PRODUCT_NAME = "$(TARGET_NAME)";
				SWIFT_VERSION = 3.0;
			};
			name = Debug;
		};
		48D05E061E2AD07600666B08 /* Release */ = {
			isa = XCBuildConfiguration;
			buildSettings = {
				ASSETCATALOG_COMPILER_APPICON_NAME = AppIcon;
				FRAMEWORK_SEARCH_PATHS = (
					"$(inherited)",
					"$(PROJECT_DIR)",
				);
				INFOPLIST_FILE = DogData/Info.plist;
				LD_RUNPATH_SEARCH_PATHS = "$(inherited) @executable_path/Frameworks";
				PRODUCT_BUNDLE_IDENTIFIER = projects.jeff.DogData;
				PRODUCT_NAME = "$(TARGET_NAME)";
				SWIFT_VERSION = 3.0;
			};
			name = Release;
		};
/* End XCBuildConfiguration section */

/* Begin XCConfigurationList section */
		48D05DED1E2AD07600666B08 /* Build configuration list for PBXProject "DogData" */ = {
			isa = XCConfigurationList;
			buildConfigurations = (
				48D05E021E2AD07600666B08 /* Debug */,
				48D05E031E2AD07600666B08 /* Release */,
			);
			defaultConfigurationIsVisible = 0;
			defaultConfigurationName = Release;
		};
		48D05E041E2AD07600666B08 /* Build configuration list for PBXNativeTarget "DogData" */ = {
			isa = XCConfigurationList;
			buildConfigurations = (
				48D05E051E2AD07600666B08 /* Debug */,
				48D05E061E2AD07600666B08 /* Release */,
			);
			defaultConfigurationIsVisible = 0;
		};
/* End XCConfigurationList section */
	};
	rootObject = 48D05DEA1E2AD07600666B08 /* Project object */;
}
